
Microsoft Visual Studio Solution File, Format Version 12.00
# Visual Studio 15
VisualStudioVersion = 15.0.27130.2027
MinimumVisualStudioVersion = 10.0.40219.1
Project("{FAE04EC0-301F-11D3-BF4B-00C04F79EFBC}") = "Verivox.BLL", "Verivox.BLL\Verivox.BLL.csproj", "{5204C9B2-7D00-4C87-927A-6241D39D6B21}"
EndProject
Project("{FAE04EC0-301F-11D3-BF4B-00C04F79EFBC}") = "Verivox.Tests", "Verivox.Tests\Verivox.Tests.csproj", "{98773A55-1B78-4B5B-B27A-5505B1059AD0}"
EndProject
Global
	GlobalSection(SolutionConfigurationPlatforms) = preSolution
		Debug|Any CPU = Debug|Any CPU
		Release|Any CPU = Release|Any CPU
	EndGlobalSection
	GlobalSection(ProjectConfigurationPlatforms) = postSolution
		{5204C9B2-7D00-4C87-927A-6241D39D6B21}.Debug|Any CPU.ActiveCfg = Debug|Any CPU
		{5204C9B2-7D00-4C87-927A-6241D39D6B21}.Debug|Any CPU.Build.0 = Debug|Any CPU
		{5204C9B2-7D00-4C87-927A-6241D39D6B21}.Release|Any CPU.ActiveCfg = Release|Any CPU
		{5204C9B2-7D00-4C87-927A-6241D39D6B21}.Release|Any CPU.Build.0 = Release|Any CPU
		{98773A55-1B78-4B5B-B27A-5505B1059AD0}.Debug|Any CPU.ActiveCfg = Debug|Any CPU
		{98773A55-1B78-4B5B-B27A-5505B1059AD0}.Debug|Any CPU.Build.0 = Debug|Any CPU
		{98773A55-1B78-4B5B-B27A-5505B1059AD0}.Release|Any CPU.ActiveCfg = Release|Any CPU
		{98773A55-1B78-4B5B-B27A-5505B1059AD0}.Release|Any CPU.Build.0 = Release|Any CPU
	EndGlobalSection
	GlobalSection(SolutionProperties) = preSolution
		HideSolutionNode = FALSE
	EndGlobalSection
	GlobalSection(ExtensibilityGlobals) = postSolution
		SolutionGuid = {F9C6550F-6362-404C-8EA2-141127C22222}
	EndGlobalSection
EndGlobal
